
Microsoft Visual Studio Solution File, Format Version 12.00
# Visual Studio Version 16
VisualStudioVersion = 16.0.30011.22
MinimumVisualStudioVersion = 10.0.40219.1
Project("{9A19103F-16F7-4668-BE54-9A1E7A4F7556}") = "HolidayHomesOwnersWebApi", "HolidayHomesOwnersWebApi\HolidayHomesOwnersWebApi.csproj", "{481C36BF-3250-4008-AFBC-727D8533F188}"
EndProject
Project("{FAE04EC0-301F-11D3-BF4B-00C04F79EFBC}") = "Models", "Models\Models.csproj", "{8D23CC84-23AF-4B07-A7D9-35A72EDE0BBC}"
EndProject
Project("{FAE04EC0-301F-11D3-BF4B-00C04F79EFBC}") = "Entities", "Entities\Entities.csproj", "{6EFCE2B4-EDE3-440E-956A-E792CFEDD52D}"
EndProject
Project("{FAE04EC0-301F-11D3-BF4B-00C04F79EFBC}") = "Repositories", "Repositories\Repositories.csproj", "{975A224D-969B-4788-9310-267DF1EFB6D5}"
EndProject
Global
	GlobalSection(SolutionConfigurationPlatforms) = preSolution
		Debug|Any CPU = Debug|Any CPU
		Release|Any CPU = Release|Any CPU
	EndGlobalSection
	GlobalSection(ProjectConfigurationPlatforms) = postSolution
		{481C36BF-3250-4008-AFBC-727D8533F188}.Debug|Any CPU.ActiveCfg = Debug|Any CPU
		{481C36BF-3250-4008-AFBC-727D8533F188}.Debug|Any CPU.Build.0 = Debug|Any CPU
		{481C36BF-3250-4008-AFBC-727D8533F188}.Release|Any CPU.ActiveCfg = Release|Any CPU
		{481C36BF-3250-4008-AFBC-727D8533F188}.Release|Any CPU.Build.0 = Release|Any CPU
		{8D23CC84-23AF-4B07-A7D9-35A72EDE0BBC}.Debug|Any CPU.ActiveCfg = Debug|Any CPU
		{8D23CC84-23AF-4B07-A7D9-35A72EDE0BBC}.Debug|Any CPU.Build.0 = Debug|Any CPU
		{8D23CC84-23AF-4B07-A7D9-35A72EDE0BBC}.Release|Any CPU.ActiveCfg = Release|Any CPU
		{8D23CC84-23AF-4B07-A7D9-35A72EDE0BBC}.Release|Any CPU.Build.0 = Release|Any CPU
		{6EFCE2B4-EDE3-440E-956A-E792CFEDD52D}.Debug|Any CPU.ActiveCfg = Debug|Any CPU
		{6EFCE2B4-EDE3-440E-956A-E792CFEDD52D}.Debug|Any CPU.Build.0 = Debug|Any CPU
		{6EFCE2B4-EDE3-440E-956A-E792CFEDD52D}.Release|Any CPU.ActiveCfg = Release|Any CPU
		{6EFCE2B4-EDE3-440E-956A-E792CFEDD52D}.Release|Any CPU.Build.0 = Release|Any CPU
		{975A224D-969B-4788-9310-267DF1EFB6D5}.Debug|Any CPU.ActiveCfg = Debug|Any CPU
		{975A224D-969B-4788-9310-267DF1EFB6D5}.Debug|Any CPU.Build.0 = Debug|Any CPU
		{975A224D-969B-4788-9310-267DF1EFB6D5}.Release|Any CPU.ActiveCfg = Release|Any CPU
		{975A224D-969B-4788-9310-267DF1EFB6D5}.Release|Any CPU.Build.0 = Release|Any CPU
	EndGlobalSection
	GlobalSection(SolutionProperties) = preSolution
		HideSolutionNode = FALSE
	EndGlobalSection
	GlobalSection(ExtensibilityGlobals) = postSolution
		SolutionGuid = {0868F402-9F4A-495B-BE07-6FFB0DA73939}
	EndGlobalSection
EndGlobal
